github.com/k1LoW/errors v1.2.0 h1:sMutU6dlQbYhH2Wk/xJNwZ/iNadzhMzzvU5K2OkH9pM=
github.com/k1LoW/errors v1.2.0/go.mod h1:FnyqU5omnd/+J2ViEsDaIZXTZGuRMZ5uDpLEqrEsMp4=
golang.org/x/sys v0.44.0 h1:ildZl3J4uzeKP07r2F++Op7E9B29JRUy+a27EibtBTQ=
golang.org/x/sys v0.44.0/go.mod h1:4GL1E5IUh+htKOUEOaiffhrAeqysfVGipDYzABqnCmw=
