github.com/k1LoW/errors v1.1.1 h1:CrXtr1hSQP2mlJmlIPm3j1kJHnXgnGzZmCPvzYRkdBM=
github.com/k1LoW/errors v1.1.1/go.mod h1:FnyqU5omnd/+J2ViEsDaIZXTZGuRMZ5uDpLEqrEsMp4=
golang.org/x/sys v0.42.0 h1:omrd2nAlyT5ESRdCLYdm3+fMfNFE/+Rf4bDIQImRJeo=
golang.org/x/sys v0.42.0/go.mod h1:4GL1E5IUh+htKOUEOaiffhrAeqysfVGipDYzABqnCmw=
